
Microsoft Visual Studio Solution File, Format Version 12.00
# Visual Studio Version 16
VisualStudioVersion = 16.0.29306.81
MinimumVisualStudioVersion = 10.0.40219.1
Project("{FAE04EC0-301F-11D3-BF4B-00C04F79EFBC}") = "T02.- Sobrecarga de Metodos", "T02.- Sobrecarga de Metodos.csproj", "{CBA9AFC7-891C-47AF-8687-C40D180EA96D}"
EndProject
Global
	GlobalSection(SolutionConfigurationPlatforms) = preSolution
		Debug|Any CPU = Debug|Any CPU
		Release|Any CPU = Release|Any CPU
	EndGlobalSection
	GlobalSection(ProjectConfigurationPlatforms) = postSolution
		{CBA9AFC7-891C-47AF-8687-C40D180EA96D}.Debug|Any CPU.ActiveCfg = Debug|Any CPU
		{CBA9AFC7-891C-47AF-8687-C40D180EA96D}.Debug|Any CPU.Build.0 = Debug|Any CPU
		{CBA9AFC7-891C-47AF-8687-C40D180EA96D}.Release|Any CPU.ActiveCfg = Release|Any CPU
		{CBA9AFC7-891C-47AF-8687-C40D180EA96D}.Release|Any CPU.Build.0 = Release|Any CPU
	EndGlobalSection
	GlobalSection(SolutionProperties) = preSolution
		HideSolutionNode = FALSE
	EndGlobalSection
	GlobalSection(ExtensibilityGlobals) = postSolution
		SolutionGuid = {B249BA7A-8C20-4F08-86B5-9AB95D7962C3}
	EndGlobalSection
EndGlobal
